
Microsoft Visual Studio Solution File, Format Version 12.00
# Visual Studio 15
VisualStudioVersion = 15.0.26430.16
MinimumVisualStudioVersion = 10.0.40219.1
Project("{FAE04EC0-301F-11D3-BF4B-00C04F79EFBC}") = "Performance.Test.Webapi", "Performance.Test.Webapi\Performance.Test.Webapi.csproj", "{39C8F25E-2CDB-4DA1-BDE8-EC615361F799}"
EndProject
Project("{2150E333-8FDC-42A3-9474-1A3956D46DE8}") = "webapi", "webapi", "{921F9D29-A186-43F3-AA90-283151BFDFA8}"
EndProject
Project("{FAE04EC0-301F-11D3-BF4B-00C04F79EFBC}") = "Performance.Test.Common", "Performance.Test.Common\Performance.Test.Common.csproj", "{C94907BE-CE2E-488E-827A-E5AD166FD3FA}"
EndProject
Project("{2150E333-8FDC-42A3-9474-1A3956D46DE8}") = "common", "common", "{BDAA6330-BE86-4FA3-8DB9-12196B5FC7B0}"
EndProject
Project("{FAE04EC0-301F-11D3-BF4B-00C04F79EFBC}") = "Performance.Test.Webapi.Console", "Performance.Test.Webapi.Console\Performance.Test.Webapi.Console.csproj", "{4A63BA75-F983-4CBC-9E10-69C51E48D2FA}"
EndProject
Global
	GlobalSection(SolutionConfigurationPlatforms) = preSolution
		Debug|Any CPU = Debug|Any CPU
		Release|Any CPU = Release|Any CPU
	EndGlobalSection
	GlobalSection(ProjectConfigurationPlatforms) = postSolution
		{39C8F25E-2CDB-4DA1-BDE8-EC615361F799}.Debug|Any CPU.ActiveCfg = Debug|Any CPU
		{39C8F25E-2CDB-4DA1-BDE8-EC615361F799}.Debug|Any CPU.Build.0 = Debug|Any CPU
		{39C8F25E-2CDB-4DA1-BDE8-EC615361F799}.Release|Any CPU.ActiveCfg = Release|Any CPU
		{39C8F25E-2CDB-4DA1-BDE8-EC615361F799}.Release|Any CPU.Build.0 = Release|Any CPU
		{C94907BE-CE2E-488E-827A-E5AD166FD3FA}.Debug|Any CPU.ActiveCfg = Debug|Any CPU
		{C94907BE-CE2E-488E-827A-E5AD166FD3FA}.Debug|Any CPU.Build.0 = Debug|Any CPU
		{C94907BE-CE2E-488E-827A-E5AD166FD3FA}.Release|Any CPU.ActiveCfg = Release|Any CPU
		{C94907BE-CE2E-488E-827A-E5AD166FD3FA}.Release|Any CPU.Build.0 = Release|Any CPU
		{4A63BA75-F983-4CBC-9E10-69C51E48D2FA}.Debug|Any CPU.ActiveCfg = Debug|Any CPU
		{4A63BA75-F983-4CBC-9E10-69C51E48D2FA}.Debug|Any CPU.Build.0 = Debug|Any CPU
		{4A63BA75-F983-4CBC-9E10-69C51E48D2FA}.Release|Any CPU.ActiveCfg = Release|Any CPU
		{4A63BA75-F983-4CBC-9E10-69C51E48D2FA}.Release|Any CPU.Build.0 = Release|Any CPU
	EndGlobalSection
	GlobalSection(SolutionProperties) = preSolution
		HideSolutionNode = FALSE
	EndGlobalSection
	GlobalSection(NestedProjects) = preSolution
		{39C8F25E-2CDB-4DA1-BDE8-EC615361F799} = {921F9D29-A186-43F3-AA90-283151BFDFA8}
		{C94907BE-CE2E-488E-827A-E5AD166FD3FA} = {BDAA6330-BE86-4FA3-8DB9-12196B5FC7B0}
		{4A63BA75-F983-4CBC-9E10-69C51E48D2FA} = {921F9D29-A186-43F3-AA90-283151BFDFA8}
	EndGlobalSection
	GlobalSection(Performance) = preSolution
		HasPerformanceSessions = true
	EndGlobalSection
	GlobalSection(Performance) = preSolution
		HasPerformanceSessions = true
	EndGlobalSection
EndGlobal
